// !$*UTF8*$!
{
	archiveVersion = 1;
	classes = {
	};
	objectVersion = 50;
	objects = {

/* Begin PBXBuildFile section */
		90103D5221AE9B2900C0D95F /* LeagueVC.swift in Sources */ = {isa = PBXBuildFile; fileRef = 90103D5121AE9B2900C0D95F /* LeagueVC.swift */; };
		90103D5421AE9B3D00C0D95F /* SkillVC.swift in Sources */ = {isa = PBXBuildFile; fileRef = 90103D5321AE9B3D00C0D95F /* SkillVC.swift */; };
		90BD321521ADC90F003F94D5 /* BorderButton.swift in Sources */ = {isa = PBXBuildFile; fileRef = 90BD321421ADC90F003F94D5 /* BorderButton.swift */; };
		90F3BBFE21ADC27500FFDBD4 /* AppDelegate.swift in Sources */ = {isa = PBXBuildFile; fileRef = 90F3BBFD21ADC27500FFDBD4 /* AppDelegate.swift */; };
		90F3BC0021ADC27500FFDBD4 /* WelcomeVC.swift in Sources */ = {isa = PBXBuildFile; fileRef = 90F3BBFF21ADC27500FFDBD4 /* WelcomeVC.swift */; };
		90F3BC0321ADC27500FFDBD4 /* Main.storyboard in Resources */ = {isa = PBXBuildFile; fileRef = 90F3BC0121ADC27500FFDBD4 /* Main.storyboard */; };
		90F3BC0521ADC27700FFDBD4 /* Assets.xcassets in Resources */ = {isa = PBXBuildFile; fileRef = 90F3BC0421ADC27700FFDBD4 /* Assets.xcassets */; };
		90F3BC0821ADC27700FFDBD4 /* LaunchScreen.storyboard in Resources */ = {isa = PBXBuildFile; fileRef = 90F3BC0621ADC27700FFDBD4 /* LaunchScreen.storyboard */; };
/* End PBXBuildFile section */

/* Begin PBXFileReference section */
		90103D5121AE9B2900C0D95F /* LeagueVC.swift */ = {isa = PBXFileReference; lastKnownFileType = sourcecode.swift; path = LeagueVC.swift; sourceTree = "<group>"; };
		90103D5321AE9B3D00C0D95F /* SkillVC.swift */ = {isa = PBXFileReference; lastKnownFileType = sourcecode.swift; path = SkillVC.swift; sourceTree = "<group>"; };
		90BD321421ADC90F003F94D5 /* BorderButton.swift */ = {isa = PBXFileReference; lastKnownFileType = sourcecode.swift; path = BorderButton.swift; sourceTree = "<group>"; };
		90F3BBFA21ADC27500FFDBD4 /* app-swoosh.app */ = {isa = PBXFileReference; explicitFileType = wrapper.application; includeInIndex = 0; path = "app-swoosh.app"; sourceTree = BUILT_PRODUCTS_DIR; };
		90F3BBFD21ADC27500FFDBD4 /* AppDelegate.swift */ = {isa = PBXFileReference; lastKnownFileType = sourcecode.swift; path = AppDelegate.swift; sourceTree = "<group>"; };
		90F3BBFF21ADC27500FFDBD4 /* WelcomeVC.swift */ = {isa = PBXFileReference; lastKnownFileType = sourcecode.swift; path = WelcomeVC.swift; sourceTree = "<group>"; };
		90F3BC0221ADC27500FFDBD4 /* Base */ = {isa = PBXFileReference; lastKnownFileType = file.storyboard; name = Base; path = Base.lproj/Main.storyboard; sourceTree = "<group>"; };
		90F3BC0421ADC27700FFDBD4 /* Assets.xcassets */ = {isa = PBXFileReference; lastKnownFileType = folder.assetcatalog; path = Assets.xcassets; sourceTree = "<group>"; };
		90F3BC0721ADC27700FFDBD4 /* Base */ = {isa = PBXFileReference; lastKnownFileType = file.storyboard; name = Base; path = Base.lproj/LaunchScreen.storyboard; sourceTree = "<group>"; };
		90F3BC0921ADC27700FFDBD4 /* Info.plist */ = {isa = PBXFileReference; lastKnownFileType = text.plist.xml; path = Info.plist; sourceTree = "<group>"; };
/* End PBXFileReference section */

/* Begin PBXFrameworksBuildPhase section */
		90F3BBF721ADC27500FFDBD4 /* Frameworks */ = {
			isa = PBXFrameworksBuildPhase;
			buildActionMask = 2147483647;
			files = (
			);
			runOnlyForDeploymentPostprocessing = 0;
		};
/* End PBXFrameworksBuildPhase section */

/* Begin PBXGroup section */
		90103D4F21AE9A2400C0D95F /* Model */ = {
			isa = PBXGroup;
			children = (
			);
			path = Model;
			sourceTree = "<group>";
		};
		90103D5021AE9A3100C0D95F /* Controller */ = {
			isa = PBXGroup;
			children = (
				90F3BBFF21ADC27500FFDBD4 /* WelcomeVC.swift */,
				90103D5121AE9B2900C0D95F /* LeagueVC.swift */,
				90103D5321AE9B3D00C0D95F /* SkillVC.swift */,
			);
			path = Controller;
			sourceTree = "<group>";
		};
		90BD321321ADC8C5003F94D5 /* View */ = {
			isa = PBXGroup;
			children = (
				90BD321421ADC90F003F94D5 /* BorderButton.swift */,
			);
			path = View;
			sourceTree = "<group>";
		};
		90F3BBF121ADC27500FFDBD4 = {
			isa = PBXGroup;
			children = (
				90F3BBFC21ADC27500FFDBD4 /* app-swoosh */,
				90F3BBFB21ADC27500FFDBD4 /* Products */,
			);
			sourceTree = "<group>";
		};
		90F3BBFB21ADC27500FFDBD4 /* Products */ = {
			isa = PBXGroup;
			children = (
				90F3BBFA21ADC27500FFDBD4 /* app-swoosh.app */,
			);
			name = Products;
			sourceTree = "<group>";
		};
		90F3BBFC21ADC27500FFDBD4 /* app-swoosh */ = {
			isa = PBXGroup;
			children = (
				90103D5021AE9A3100C0D95F /* Controller */,
				90103D4F21AE9A2400C0D95F /* Model */,
				90BD321321ADC8C5003F94D5 /* View */,
				90F3BBFD21ADC27500FFDBD4 /* AppDelegate.swift */,
				90F3BC0121ADC27500FFDBD4 /* Main.storyboard */,
				90F3BC0421ADC27700FFDBD4 /* Assets.xcassets */,
				90F3BC0621ADC27700FFDBD4 /* LaunchScreen.storyboard */,
				90F3BC0921ADC27700FFDBD4 /* Info.plist */,
			);
			path = "app-swoosh";
			sourceTree = "<group>";
		};
/* End PBXGroup section */

/* Begin PBXNativeTarget section */
		90F3BBF921ADC27500FFDBD4 /* app-swoosh */ = {
			isa = PBXNativeTarget;
			buildConfigurationList = 90F3BC0C21ADC27700FFDBD4 /* Build configuration list for PBXNativeTarget "app-swoosh" */;
			buildPhases = (
				90F3BBF621ADC27500FFDBD4 /* Sources */,
				90F3BBF721ADC27500FFDBD4 /* Frameworks */,
				90F3BBF821ADC27500FFDBD4 /* Resources */,
			);
			buildRules = (
			);
			dependencies = (
			);
			name = "app-swoosh";
			productName = "app-swoosh";
			productReference = 90F3BBFA21ADC27500FFDBD4 /* app-swoosh.app */;
			productType = "com.apple.product-type.application";
		};
/* End PBXNativeTarget section */

/* Begin PBXProject section */
		90F3BBF221ADC27500FFDBD4 /* Project object */ = {
			isa = PBXProject;
			attributes = {
				LastSwiftUpdateCheck = 1010;
				LastUpgradeCheck = 1010;
				ORGANIZATIONNAME = "Michal Dudko";
				TargetAttributes = {
					90F3BBF921ADC27500FFDBD4 = {
						CreatedOnToolsVersion = 10.1;
					};
				};
			};
			buildConfigurationList = 90F3BBF521ADC27500FFDBD4 /* Build configuration list for PBXProject "app-swoosh" */;
			compatibilityVersion = "Xcode 9.3";
			developmentRegion = en;
			hasScannedForEncodings = 0;
			knownRegions = (
				en,
				Base,
			);
			mainGroup = 90F3BBF121ADC27500FFDBD4;
			productRefGroup = 90F3BBFB21ADC27500FFDBD4 /* Products */;
			projectDirPath = "";
			projectRoot = "";
			targets = (
				90F3BBF921ADC27500FFDBD4 /* app-swoosh */,
			);
		};
/* End PBXProject section */

/* Begin PBXResourcesBuildPhase section */
		90F3BBF821ADC27500FFDBD4 /* Resources */ = {
			isa = PBXResourcesBuildPhase;
			buildActionMask = 2147483647;
			files = (
				90F3BC0821ADC27700FFDBD4 /* LaunchScreen.storyboard in Resources */,
				90F3BC0521ADC27700FFDBD4 /* Assets.xcassets in Resources */,
				90F3BC0321ADC27500FFDBD4 /* Main.storyboard in Resources */,
			);
			runOnlyForDeploymentPostprocessing = 0;
		};
/* End PBXResourcesBuildPhase section */

/* Begin PBXSourcesBuildPhase section */
		90F3BBF621ADC27500FFDBD4 /* Sources */ = {
			isa = PBXSourcesBuildPhase;
			buildActionMask = 2147483647;
			files = (
				90F3BC0021ADC27500FFDBD4 /* WelcomeVC.swift in Sources */,
				90103D5221AE9B2900C0D95F /* LeagueVC.swift in Sources */,
				90F3BBFE21ADC27500FFDBD4 /* AppDelegate.swift in Sources */,
				90103D5421AE9B3D00C0D95F /* SkillVC.swift in Sources */,
				90BD321521ADC90F003F94D5 /* BorderButton.swift in Sources */,
			);
			runOnlyForDeploymentPostprocessing = 0;
		};
/* End PBXSourcesBuildPhase section */

/* Begin PBXVariantGroup section */
		90F3BC0121ADC27500FFDBD4 /* Main.storyboard */ = {
			isa = PBXVariantGroup;
			children = (
				90F3BC0221ADC27500FFDBD4 /* Base */,
			);
			name = Main.storyboard;
			sourceTree = "<group>";
		};
		90F3BC0621ADC27700FFDBD4 /* LaunchScreen.storyboard */ = {
			isa = PBXVariantGroup;
			children = (
				90F3BC0721ADC27700FFDBD4 /* Base */,
			);
			name = LaunchScreen.storyboard;
			sourceTree = "<group>";
		};
/* End PBXVariantGroup section */

/* Begin XCBuildConfiguration section */
		90F3BC0A21ADC27700FFDBD4 /* Debug */ = {
			isa = XCBuildConfiguration;
			buildSettings = {
				ALWAYS_SEARCH_USER_PATHS = NO;
				CLANG_ANALYZER_NONNULL = YES;
				CLANG_ANALYZER_NUMBER_OBJECT_CONVERSION = YES_AGGRESSIVE;
				CLANG_CXX_LANGUAGE_STANDARD = "gnu++14";
				CLANG_CXX_LIBRARY = "libc++";
				CLANG_ENABLE_MODULES = YES;
				CLANG_ENABLE_OBJC_ARC = YES;
				CLANG_ENABLE_OBJC_WEAK = YES;
				CLANG_WARN_BLOCK_CAPTURE_AUTORELEASING = YES;
				CLANG_WARN_BOOL_CONVERSION = YES;
				CLANG_WARN_COMMA = YES;
				CLANG_WARN_CONSTANT_CONVERSION = YES;
				CLANG_WARN_DEPRECATED_OBJC_IMPLEMENTATIONS = YES;
				CLANG_WARN_DIRECT_OBJC_ISA_USAGE = YES_ERROR;
				CLANG_WARN_DOCUMENTATION_COMMENTS = YES;
				CLANG_WARN_EMPTY_BODY = YES;
				CLANG_WARN_ENUM_CONVERSION = YES;
				CLANG_WARN_INFINITE_RECURSION = YES;
				CLANG_WARN_INT_CONVERSION = YES;
				CLANG_WARN_NON_LITERAL_NULL_CONVERSION = YES;
				CLANG_WARN_OBJC_IMPLICIT_RETAIN_SELF = YES;
				CLANG_WARN_OBJC_LITERAL_CONVERSION = YES;
				CLANG_WARN_OBJC_ROOT_CLASS = YES_ERROR;
				CLANG_WARN_RANGE_LOOP_ANALYSIS = YES;
				CLANG_WARN_STRICT_PROTOTYPES = YES;
				CLANG_WARN_SUSPICIOUS_MOVE = YES;
				CLANG_WARN_UNGUARDED_AVAILABILITY = YES_AGGRESSIVE;
				CLANG_WARN_UNREACHABLE_CODE = YES;
				CLANG_WARN__DUPLICATE_METHOD_MATCH = YES;
				CODE_SIGN_IDENTITY = "iPhone Developer";
				COPY_PHASE_STRIP = NO;
				DEBUG_INFORMATION_FORMAT = dwarf;
				ENABLE_STRICT_OBJC_MSGSEND = YES;
				ENABLE_TESTABILITY = YES;
				GCC_C_LANGUAGE_STANDARD = gnu11;
				GCC_DYNAMIC_NO_PIC = NO;
				GCC_NO_COMMON_BLOCKS = YES;
				GCC_OPTIMIZATION_LEVEL = 0;
				GCC_PREPROCESSOR_DEFINITIONS = (
					"DEBUG=1",
					"$(inherited)",
				);
				GCC_WARN_64_TO_32_BIT_CONVERSION = YES;
				GCC_WARN_ABOUT_RETURN_TYPE = YES_ERROR;
				GCC_WARN_UNDECLARED_SELECTOR = YES;
				GCC_WARN_UNINITIALIZED_AUTOS = YES_AGGRESSIVE;
				GCC_WARN_UNUSED_FUNCTION = YES;
				GCC_WARN_UNUSED_VARIABLE = YES;
				IPHONEOS_DEPLOYMENT_TARGET = 12.1;
				MTL_ENABLE_DEBUG_INFO = INCLUDE_SOURCE;
				MTL_FAST_MATH = YES;
				ONLY_ACTIVE_ARCH = YES;
				SDKROOT = iphoneos;
				SWIFT_ACTIVE_COMPILATION_CONDITIONS = DEBUG;
				SWIFT_OPTIMIZATION_LEVEL = "-Onone";
			};
			name = Debug;
		};
		90F3BC0B21ADC27700FFDBD4 /* Release */ = {
			isa = XCBuildConfiguration;
			buildSettings = {
				ALWAYS_SEARCH_USER_PATHS = NO;
				CLANG_ANALYZER_NONNULL = YES;
				CLANG_ANALYZER_NUMBER_OBJECT_CONVERSION = YES_AGGRESSIVE;
				CLANG_CXX_LANGUAGE_STANDARD = "gnu++14";
				CLANG_CXX_LIBRARY = "libc++";
				CLANG_ENABLE_MODULES = YES;
				CLANG_ENABLE_OBJC_ARC = YES;
				CLANG_ENABLE_OBJC_WEAK = YES;
				CLANG_WARN_BLOCK_CAPTURE_AUTORELEASING = YES;
				CLANG_WARN_BOOL_CONVERSION = YES;
				CLANG_WARN_COMMA = YES;
				CLANG_WARN_CONSTANT_CONVERSION = YES;
				CLANG_WARN_DEPRECATED_OBJC_IMPLEMENTATIONS = YES;
				CLANG_WARN_DIRECT_OBJC_ISA_USAGE = YES_ERROR;
				CLANG_WARN_DOCUMENTATION_COMMENTS = YES;
				CLANG_WARN_EMPTY_BODY = YES;
				CLANG_WARN_ENUM_CONVERSION = YES;
				CLANG_WARN_INFINITE_RECURSION = YES;
				CLANG_WARN_INT_CONVERSION = YES;
				CLANG_WARN_NON_LITERAL_NULL_CONVERSION = YES;
				CLANG_WARN_OBJC_IMPLICIT_RETAIN_SELF = YES;
				CLANG_WARN_OBJC_LITERAL_CONVERSION = YES;
				CLANG_WARN_OBJC_ROOT_CLASS = YES_ERROR;
				CLANG_WARN_RANGE_LOOP_ANALYSIS = YES;
				CLANG_WARN_STRICT_PROTOTYPES = YES;
				CLANG_WARN_SUSPICIOUS_MOVE = YES;
				CLANG_WARN_UNGUARDED_AVAILABILITY = YES_AGGRESSIVE;
				CLANG_WARN_UNREACHABLE_CODE = YES;
				CLANG_WARN__DUPLICATE_METHOD_MATCH = YES;
				CODE_SIGN_IDENTITY = "iPhone Developer";
				COPY_PHASE_STRIP = NO;
				DEBUG_INFORMATION_FORMAT = "dwarf-with-dsym";
				ENABLE_NS_ASSERTIONS = NO;
				ENABLE_STRICT_OBJC_MSGSEND = YES;
				GCC_C_LANGUAGE_STANDARD = gnu11;
				GCC_NO_COMMON_BLOCKS = YES;
				GCC_WARN_64_TO_32_BIT_CONVERSION = YES;
				GCC_WARN_ABOUT_RETURN_TYPE = YES_ERROR;
				GCC_WARN_UNDECLARED_SELECTOR = YES;
				GCC_WARN_UNINITIALIZED_AUTOS = YES_AGGRESSIVE;
				GCC_WARN_UNUSED_FUNCTION = YES;
				GCC_WARN_UNUSED_VARIABLE = YES;
				IPHONEOS_DEPLOYMENT_TARGET = 12.1;
				MTL_ENABLE_DEBUG_INFO = NO;
				MTL_FAST_MATH = YES;
				SDKROOT = iphoneos;
				SWIFT_COMPILATION_MODE = wholemodule;
				SWIFT_OPTIMIZATION_LEVEL = "-O";
				VALIDATE_PRODUCT = YES;
			};
			name = Release;
		};
		90F3BC0D21ADC27700FFDBD4 /* Debug */ = {
			isa = XCBuildConfiguration;
			buildSettings = {
				ASSETCATALOG_COMPILER_APPICON_NAME = AppIcon;
				CODE_SIGN_STYLE = Automatic;
				DEVELOPMENT_TEAM = 346F9EDXK2;
				INFOPLIST_FILE = "app-swoosh/Info.plist";
				LD_RUNPATH_SEARCH_PATHS = (
					"$(inherited)",
					"@executable_path/Frameworks",
				);
				PRODUCT_BUNDLE_IDENTIFIER = "Michal-Dudko.app-swoosh";
				PRODUCT_NAME = "$(TARGET_NAME)";
				SWIFT_VERSION = 4.2;
				TARGETED_DEVICE_FAMILY = "1,2";
			};
			name = Debug;
		};
		90F3BC0E21ADC27700FFDBD4 /* Release */ = {
			isa = XCBuildConfiguration;
			buildSettings = {
				ASSETCATALOG_COMPILER_APPICON_NAME = AppIcon;
				CODE_SIGN_STYLE = Automatic;
				DEVELOPMENT_TEAM = 346F9EDXK2;
				INFOPLIST_FILE = "app-swoosh/Info.plist";
				LD_RUNPATH_SEARCH_PATHS = (
					"$(inherited)",
					"@executable_path/Frameworks",
				);
				PRODUCT_BUNDLE_IDENTIFIER = "Michal-Dudko.app-swoosh";
				PRODUCT_NAME = "$(TARGET_NAME)";
				SWIFT_VERSION = 4.2;
				TARGETED_DEVICE_FAMILY = "1,2";
			};
			name = Release;
		};
/* End XCBuildConfiguration section */

/* Begin XCConfigurationList section */
		90F3BBF521ADC27500FFDBD4 /* Build configuration list for PBXProject "app-swoosh" */ = {
			isa = XCConfigurationList;
			buildConfigurations = (
				90F3BC0A21ADC27700FFDBD4 /* Debug */,
				90F3BC0B21ADC27700FFDBD4 /* Release */,
			);
			defaultConfigurationIsVisible = 0;
			defaultConfigurationName = Release;
		};
		90F3BC0C21ADC27700FFDBD4 /* Build configuration list for PBXNativeTarget "app-swoosh" */ = {
			isa = XCConfigurationList;
			buildConfigurations = (
				90F3BC0D21ADC27700FFDBD4 /* Debug */,
				90F3BC0E21ADC27700FFDBD4 /* Release */,
			);
			defaultConfigurationIsVisible = 0;
			defaultConfigurationName = Release;
		};
/* End XCConfigurationList section */
	};
	rootObject = 90F3BBF221ADC27500FFDBD4 /* Project object */;
}
